
Microsoft Visual Studio Solution File, Format Version 12.00
# Visual Studio 15
VisualStudioVersion = 15.0.28307.779
MinimumVisualStudioVersion = 10.0.40219.1
Project("{9A19103F-16F7-4668-BE54-9A1E7A4F7556}") = "WebApplication3", "WebApplication3\WebApplication3.csproj", "{84687BCB-ECC7-4AA0-9AA3-2C28E104AD3A}"
EndProject
Project("{FAE04EC0-301F-11D3-BF4B-00C04F79EFBC}") = "WebMVC", "WebMVC\WebMVC.csproj", "{0A19E6C1-4F27-45BE-AB14-76ED05929EC6}"
EndProject
Global
	GlobalSection(SolutionConfigurationPlatforms) = preSolution
		Debug|Any CPU = Debug|Any CPU
		Release|Any CPU = Release|Any CPU
	EndGlobalSection
	GlobalSection(ProjectConfigurationPlatforms) = postSolution
		{84687BCB-ECC7-4AA0-9AA3-2C28E104AD3A}.Debug|Any CPU.ActiveCfg = Debug|Any CPU
		{84687BCB-ECC7-4AA0-9AA3-2C28E104AD3A}.Debug|Any CPU.Build.0 = Debug|Any CPU
		{84687BCB-ECC7-4AA0-9AA3-2C28E104AD3A}.Release|Any CPU.ActiveCfg = Release|Any CPU
		{84687BCB-ECC7-4AA0-9AA3-2C28E104AD3A}.Release|Any CPU.Build.0 = Release|Any CPU
		{0A19E6C1-4F27-45BE-AB14-76ED05929EC6}.Debug|Any CPU.ActiveCfg = Debug|Any CPU
		{0A19E6C1-4F27-45BE-AB14-76ED05929EC6}.Debug|Any CPU.Build.0 = Debug|Any CPU
		{0A19E6C1-4F27-45BE-AB14-76ED05929EC6}.Release|Any CPU.ActiveCfg = Release|Any CPU
		{0A19E6C1-4F27-45BE-AB14-76ED05929EC6}.Release|Any CPU.Build.0 = Release|Any CPU
	EndGlobalSection
	GlobalSection(SolutionProperties) = preSolution
		HideSolutionNode = FALSE
	EndGlobalSection
	GlobalSection(ExtensibilityGlobals) = postSolution
		SolutionGuid = {7639FDAB-FC63-46F7-94F8-B84A3AF6BA9A}
	EndGlobalSection
EndGlobal
